// !$*UTF8*$!
{
	archiveVersion = 1;
	classes = {
	};
	objectVersion = 46;
	objects = {

/* Begin PBXBuildFile section */
		85BA9F241F789DCF009CC970 /* main.c in Sources */ = {isa = PBXBuildFile; fileRef = 85BA9F231F789DCF009CC970 /* main.c */; };
		85BA9F2B1F789DE3009CC970 /* socket_tcp_client.c in Sources */ = {isa = PBXBuildFile; fileRef = 85BA9F2A1F789DE3009CC970 /* socket_tcp_client.c */; };
/* End PBXBuildFile section */

/* Begin PBXCopyFilesBuildPhase section */
		85BA9F1E1F789DCF009CC970 /* CopyFiles */ = {
			isa = PBXCopyFilesBuildPhase;
			buildActionMask = 2147483647;
			dstPath = /usr/share/man/man1/;
			dstSubfolderSpec = 0;
			files = (
			);
			runOnlyForDeploymentPostprocessing = 1;
		};
/* End PBXCopyFilesBuildPhase section */

/* Begin PBXFileReference section */
		85BA9F201F789DCF009CC970 /* Socket_tcp_client */ = {isa = PBXFileReference; explicitFileType = "compiled.mach-o.executable"; includeInIndex = 0; path = Socket_tcp_client; sourceTree = BUILT_PRODUCTS_DIR; };
		85BA9F231F789DCF009CC970 /* main.c */ = {isa = PBXFileReference; lastKnownFileType = sourcecode.c.c; path = main.c; sourceTree = "<group>"; };
		85BA9F2A1F789DE3009CC970 /* socket_tcp_client.c */ = {isa = PBXFileReference; fileEncoding = 4; lastKnownFileType = sourcecode.c.c; path = socket_tcp_client.c; sourceTree = "<group>"; };
/* End PBXFileReference section */

/* Begin PBXFrameworksBuildPhase section */
		85BA9F1D1F789DCF009CC970 /* Frameworks */ = {
			isa = PBXFrameworksBuildPhase;
			buildActionMask = 2147483647;
			files = (
			);
			runOnlyForDeploymentPostprocessing = 0;
		};
/* End PBXFrameworksBuildPhase section */

/* Begin PBXGroup section */
		85BA9F171F789DCF009CC970 = {
			isa = PBXGroup;
			children = (
				85BA9F221F789DCF009CC970 /* Socket_tcp_client */,
				85BA9F211F789DCF009CC970 /* Products */,
			);
			sourceTree = "<group>";
		};
		85BA9F211F789DCF009CC970 /* Products */ = {
			isa = PBXGroup;
			children = (
				85BA9F201F789DCF009CC970 /* Socket_tcp_client */,
			);
			name = Products;
			sourceTree = "<group>";
		};
		85BA9F221F789DCF009CC970 /* Socket_tcp_client */ = {
			isa = PBXGroup;
			children = (
				85BA9F231F789DCF009CC970 /* main.c */,
				85BA9F2A1F789DE3009CC970 /* socket_tcp_client.c */,
			);
			path = Socket_tcp_client;
			sourceTree = "<group>";
		};
/* End PBXGroup section */

/* Begin PBXNativeTarget section */
		85BA9F1F1F789DCF009CC970 /* Socket_tcp_client */ = {
			isa = PBXNativeTarget;
			buildConfigurationList = 85BA9F271F789DCF009CC970 /* Build configuration list for PBXNativeTarget "Socket_tcp_client" */;
			buildPhases = (
				85BA9F1C1F789DCF009CC970 /* Sources */,
				85BA9F1D1F789DCF009CC970 /* Frameworks */,
				85BA9F1E1F789DCF009CC970 /* CopyFiles */,
			);
			buildRules = (
			);
			dependencies = (
			);
			name = Socket_tcp_client;
			productName = Socket_tcp_client;
			productReference = 85BA9F201F789DCF009CC970 /* Socket_tcp_client */;
			productType = "com.apple.product-type.tool";
		};
/* End PBXNativeTarget section */

/* Begin PBXProject section */
		85BA9F181F789DCF009CC970 /* Project object */ = {
			isa = PBXProject;
			attributes = {
				LastUpgradeCheck = 0830;
				ORGANIZATIONNAME = "陆杨";
				TargetAttributes = {
					85BA9F1F1F789DCF009CC970 = {
						CreatedOnToolsVersion = 8.3.3;
						ProvisioningStyle = Automatic;
					};
				};
			};
			buildConfigurationList = 85BA9F1B1F789DCF009CC970 /* Build configuration list for PBXProject "Socket_tcp_client" */;
			compatibilityVersion = "Xcode 3.2";
			developmentRegion = English;
			hasScannedForEncodings = 0;
			knownRegions = (
				en,
			);
			mainGroup = 85BA9F171F789DCF009CC970;
			productRefGroup = 85BA9F211F789DCF009CC970 /* Products */;
			projectDirPath = "";
			projectRoot = "";
			targets = (
				85BA9F1F1F789DCF009CC970 /* Socket_tcp_client */,
			);
		};
/* End PBXProject section */

/* Begin PBXSourcesBuildPhase section */
		85BA9F1C1F789DCF009CC970 /* Sources */ = {
			isa = PBXSourcesBuildPhase;
			buildActionMask = 2147483647;
			files = (
				85BA9F241F789DCF009CC970 /* main.c in Sources */,
				85BA9F2B1F789DE3009CC970 /* socket_tcp_client.c in Sources */,
			);
			runOnlyForDeploymentPostprocessing = 0;
		};
/* End PBXSourcesBuildPhase section */

/* Begin XCBuildConfiguration section */
		85BA9F251F789DCF009CC970 /* Debug */ = {
			isa = XCBuildConfiguration;
			buildSettings = {
				ALWAYS_SEARCH_USER_PATHS = NO;
				CLANG_ANALYZER_NONNULL = YES;
				CLANG_ANALYZER_NUMBER_OBJECT_CONVERSION = YES_AGGRESSIVE;
				CLANG_CXX_LANGUAGE_STANDARD = "gnu++0x";
				CLANG_CXX_LIBRARY = "libc++";
				CLANG_ENABLE_MODULES = YES;
				CLANG_ENABLE_OBJC_ARC = YES;
				CLANG_WARN_BOOL_CONVERSION = YES;
				CLANG_WARN_CONSTANT_CONVERSION = YES;
				CLANG_WARN_DIRECT_OBJC_ISA_USAGE = YES_ERROR;
				CLANG_WARN_DOCUMENTATION_COMMENTS = YES;
				CLANG_WARN_EMPTY_BODY = YES;
				CLANG_WARN_ENUM_CONVERSION = YES;
				CLANG_WARN_INFINITE_RECURSION = YES;
				CLANG_WARN_INT_CONVERSION = YES;
				CLANG_WARN_OBJC_ROOT_CLASS = YES_ERROR;
				CLANG_WARN_SUSPICIOUS_MOVE = YES;
				CLANG_WARN_UNREACHABLE_CODE = YES;
				CLANG_WARN__DUPLICATE_METHOD_MATCH = YES;
				CODE_SIGN_IDENTITY = "-";
				COPY_PHASE_STRIP = NO;
				DEBUG_INFORMATION_FORMAT = dwarf;
				ENABLE_STRICT_OBJC_MSGSEND = YES;
				ENABLE_TESTABILITY = YES;
				GCC_C_LANGUAGE_STANDARD = gnu99;
				GCC_DYNAMIC_NO_PIC = NO;
				GCC_NO_COMMON_BLOCKS = YES;
				GCC_OPTIMIZATION_LEVEL = 0;
				GCC_PREPROCESSOR_DEFINITIONS = (
					"DEBUG=1",
					"$(inherited)",
				);
				GCC_WARN_64_TO_32_BIT_CONVERSION = YES;
				GCC_WARN_ABOUT_RETURN_TYPE = YES_ERROR;
				GCC_WARN_UNDECLARED_SELECTOR = YES;
				GCC_WARN_UNINITIALIZED_AUTOS = YES_AGGRESSIVE;
				GCC_WARN_UNUSED_FUNCTION = YES;
				GCC_WARN_UNUSED_VARIABLE = YES;
				MACOSX_DEPLOYMENT_TARGET = 10.12;
				MTL_ENABLE_DEBUG_INFO = YES;
				ONLY_ACTIVE_ARCH = YES;
				SDKROOT = macosx;
			};
			name = Debug;
		};
		85BA9F261F789DCF009CC970 /* Release */ = {
			isa = XCBuildConfiguration;
			buildSettings = {
				ALWAYS_SEARCH_USER_PATHS = NO;
				CLANG_ANALYZER_NONNULL = YES;
				CLANG_ANALYZER_NUMBER_OBJECT_CONVERSION = YES_AGGRESSIVE;
				CLANG_CXX_LANGUAGE_STANDARD = "gnu++0x";
				CLANG_CXX_LIBRARY = "libc++";
				CLANG_ENABLE_MODULES = YES;
				CLANG_ENABLE_OBJC_ARC = YES;
				CLANG_WARN_BOOL_CONVERSION = YES;
				CLANG_WARN_CONSTANT_CONVERSION = YES;
				CLANG_WARN_DIRECT_OBJC_ISA_USAGE = YES_ERROR;
				CLANG_WARN_DOCUMENTATION_COMMENTS = YES;
				CLANG_WARN_EMPTY_BODY = YES;
				CLANG_WARN_ENUM_CONVERSION = YES;
				CLANG_WARN_INFINITE_RECURSION = YES;
				CLANG_WARN_INT_CONVERSION = YES;
				CLANG_WARN_OBJC_ROOT_CLASS = YES_ERROR;
				CLANG_WARN_SUSPICIOUS_MOVE = YES;
				CLANG_WARN_UNREACHABLE_CODE = YES;
				CLANG_WARN__DUPLICATE_METHOD_MATCH = YES;
				CODE_SIGN_IDENTITY = "-";
				COPY_PHASE_STRIP = NO;
				DEBUG_INFORMATION_FORMAT = "dwarf-with-dsym";
				ENABLE_NS_ASSERTIONS = NO;
				ENABLE_STRICT_OBJC_MSGSEND = YES;
				GCC_C_LANGUAGE_STANDARD = gnu99;
				GCC_NO_COMMON_BLOCKS = YES;
				GCC_WARN_64_TO_32_BIT_CONVERSION = YES;
				GCC_WARN_ABOUT_RETURN_TYPE = YES_ERROR;
				GCC_WARN_UNDECLARED_SELECTOR = YES;
				GCC_WARN_UNINITIALIZED_AUTOS = YES_AGGRESSIVE;
				GCC_WARN_UNUSED_FUNCTION = YES;
				GCC_WARN_UNUSED_VARIABLE = YES;
				MACOSX_DEPLOYMENT_TARGET = 10.12;
				MTL_ENABLE_DEBUG_INFO = NO;
				SDKROOT = macosx;
			};
			name = Release;
		};
		85BA9F281F789DCF009CC970 /* Debug */ = {
			isa = XCBuildConfiguration;
			buildSettings = {
				PRODUCT_NAME = "$(TARGET_NAME)";
			};
			name = Debug;
		};
		85BA9F291F789DCF009CC970 /* Release */ = {
			isa = XCBuildConfiguration;
			buildSettings = {
				PRODUCT_NAME = "$(TARGET_NAME)";
			};
			name = Release;
		};
/* End XCBuildConfiguration section */

/* Begin XCConfigurationList section */
		85BA9F1B1F789DCF009CC970 /* Build configuration list for PBXProject "Socket_tcp_client" */ = {
			isa = XCConfigurationList;
			buildConfigurations = (
				85BA9F251F789DCF009CC970 /* Debug */,
				85BA9F261F789DCF009CC970 /* Release */,
			);
			defaultConfigurationIsVisible = 0;
			defaultConfigurationName = Release;
		};
		85BA9F271F789DCF009CC970 /* Build configuration list for PBXNativeTarget "Socket_tcp_client" */ = {
			isa = XCConfigurationList;
			buildConfigurations = (
				85BA9F281F789DCF009CC970 /* Debug */,
				85BA9F291F789DCF009CC970 /* Release */,
			);
			defaultConfigurationIsVisible = 0;
		};
/* End XCConfigurationList section */
	};
	rootObject = 85BA9F181F789DCF009CC970 /* Project object */;
}
